
Microsoft Visual Studio Solution File, Format Version 12.00
# Visual Studio Version 16
VisualStudioVersion = 16.0.29613.14
MinimumVisualStudioVersion = 10.0.40219.1
Project("{FAE04EC0-301F-11D3-BF4B-00C04F79EFBC}") = "ProjetoEntrevista2_1", "ProjetoEntrevista2_1\ProjetoEntrevista2_1.csproj", "{3BCB6C00-9AB5-4552-B503-11FECA5CD3AB}"
EndProject
Global
	GlobalSection(SolutionConfigurationPlatforms) = preSolution
		Debug|Any CPU = Debug|Any CPU
		Release|Any CPU = Release|Any CPU
	EndGlobalSection
	GlobalSection(ProjectConfigurationPlatforms) = postSolution
		{3BCB6C00-9AB5-4552-B503-11FECA5CD3AB}.Debug|Any CPU.ActiveCfg = Debug|Any CPU
		{3BCB6C00-9AB5-4552-B503-11FECA5CD3AB}.Debug|Any CPU.Build.0 = Debug|Any CPU
		{3BCB6C00-9AB5-4552-B503-11FECA5CD3AB}.Release|Any CPU.ActiveCfg = Release|Any CPU
		{3BCB6C00-9AB5-4552-B503-11FECA5CD3AB}.Release|Any CPU.Build.0 = Release|Any CPU
	EndGlobalSection
	GlobalSection(SolutionProperties) = preSolution
		HideSolutionNode = FALSE
	EndGlobalSection
	GlobalSection(ExtensibilityGlobals) = postSolution
		SolutionGuid = {4D2A5E31-9528-468E-AA65-BEA93FC43A02}
	EndGlobalSection
EndGlobal
